
Microsoft Visual Studio Solution File, Format Version 12.00
# Visual Studio 15
VisualStudioVersion = 15.0.27703.2035
MinimumVisualStudioVersion = 10.0.40219.1
Project("{FAE04EC0-301F-11D3-BF4B-00C04F79EFBC}") = "Domain", "Domain\Domain.csproj", "{DB1B50C1-D027-406B-A814-55A978B7619A}"
EndProject
Project("{FAE04EC0-301F-11D3-BF4B-00C04F79EFBC}") = "Infra", "Infra\Infra.csproj", "{37536AC4-898E-4770-8DC6-8E0EAC2CF3D4}"
EndProject
Project("{FAE04EC0-301F-11D3-BF4B-00C04F79EFBC}") = "Api", "Api\Api.csproj", "{BFA00C56-6521-4ADA-A239-95F2BBA655D2}"
EndProject
Global
	GlobalSection(SolutionConfigurationPlatforms) = preSolution
		Debug|Any CPU = Debug|Any CPU
		Release|Any CPU = Release|Any CPU
	EndGlobalSection
	GlobalSection(ProjectConfigurationPlatforms) = postSolution
		{DB1B50C1-D027-406B-A814-55A978B7619A}.Debug|Any CPU.ActiveCfg = Debug|Any CPU
		{DB1B50C1-D027-406B-A814-55A978B7619A}.Debug|Any CPU.Build.0 = Debug|Any CPU
		{DB1B50C1-D027-406B-A814-55A978B7619A}.Release|Any CPU.ActiveCfg = Release|Any CPU
		{DB1B50C1-D027-406B-A814-55A978B7619A}.Release|Any CPU.Build.0 = Release|Any CPU
		{37536AC4-898E-4770-8DC6-8E0EAC2CF3D4}.Debug|Any CPU.ActiveCfg = Debug|Any CPU
		{37536AC4-898E-4770-8DC6-8E0EAC2CF3D4}.Debug|Any CPU.Build.0 = Debug|Any CPU
		{37536AC4-898E-4770-8DC6-8E0EAC2CF3D4}.Release|Any CPU.ActiveCfg = Release|Any CPU
		{37536AC4-898E-4770-8DC6-8E0EAC2CF3D4}.Release|Any CPU.Build.0 = Release|Any CPU
		{BFA00C56-6521-4ADA-A239-95F2BBA655D2}.Debug|Any CPU.ActiveCfg = Debug|Any CPU
		{BFA00C56-6521-4ADA-A239-95F2BBA655D2}.Debug|Any CPU.Build.0 = Debug|Any CPU
		{BFA00C56-6521-4ADA-A239-95F2BBA655D2}.Release|Any CPU.ActiveCfg = Release|Any CPU
		{BFA00C56-6521-4ADA-A239-95F2BBA655D2}.Release|Any CPU.Build.0 = Release|Any CPU
	EndGlobalSection
	GlobalSection(SolutionProperties) = preSolution
		HideSolutionNode = FALSE
	EndGlobalSection
	GlobalSection(ExtensibilityGlobals) = postSolution
		SolutionGuid = {70883CF6-9233-429F-BDB6-989548F5A782}
	EndGlobalSection
EndGlobal
